
Microsoft Visual Studio Solution File, Format Version 9.00
# Visual Studio 2005
Project("{FAE04EC0-301F-11D3-BF4B-00C04F79EFBC}") = "AirConditioning", "AirConditioning\AirConditioning.csproj", "{AA0D1C67-84F9-4390-9EE4-C738DF769DF3}"
EndProject
Global
	GlobalSection(SolutionConfigurationPlatforms) = preSolution
		Debug|Any CPU = Debug|Any CPU
		Release|Any CPU = Release|Any CPU
	EndGlobalSection
	GlobalSection(ProjectConfigurationPlatforms) = postSolution
		{AA0D1C67-84F9-4390-9EE4-C738DF769DF3}.Debug|Any CPU.ActiveCfg = Debug|Any CPU
		{AA0D1C67-84F9-4390-9EE4-C738DF769DF3}.Debug|Any CPU.Build.0 = Debug|Any CPU
		{AA0D1C67-84F9-4390-9EE4-C738DF769DF3}.Release|Any CPU.ActiveCfg = Release|Any CPU
		{AA0D1C67-84F9-4390-9EE4-C738DF769DF3}.Release|Any CPU.Build.0 = Release|Any CPU
	EndGlobalSection
	GlobalSection(SolutionProperties) = preSolution
		HideSolutionNode = FALSE
	EndGlobalSection
EndGlobal
